
Microsoft Visual Studio Solution File, Format Version 12.00
# Visual Studio Version 16
VisualStudioVersion = 16.0.30320.27
MinimumVisualStudioVersion = 10.0.40219.1
Project("{FAE04EC0-301F-11D3-BF4B-00C04F79EFBC}") = "ExpressGlobalExceptionHandler", "ExpressGlobalExceptionHandler\ExpressGlobalExceptionHandler.csproj", "{7C0AD558-97EB-44A6-AF81-CBEE0E3C823F}"
EndProject
Project("{FAE04EC0-301F-11D3-BF4B-00C04F79EFBC}") = "Demo", "Demo\Demo.csproj", "{23BF3820-1B04-48A8-BD10-A302E7C3D5FA}"
EndProject
Global
	GlobalSection(SolutionConfigurationPlatforms) = preSolution
		Debug|Any CPU = Debug|Any CPU
		Release|Any CPU = Release|Any CPU
	EndGlobalSection
	GlobalSection(ProjectConfigurationPlatforms) = postSolution
		{7C0AD558-97EB-44A6-AF81-CBEE0E3C823F}.Debug|Any CPU.ActiveCfg = Debug|Any CPU
		{7C0AD558-97EB-44A6-AF81-CBEE0E3C823F}.Debug|Any CPU.Build.0 = Debug|Any CPU
		{7C0AD558-97EB-44A6-AF81-CBEE0E3C823F}.Release|Any CPU.ActiveCfg = Release|Any CPU
		{7C0AD558-97EB-44A6-AF81-CBEE0E3C823F}.Release|Any CPU.Build.0 = Release|Any CPU
		{23BF3820-1B04-48A8-BD10-A302E7C3D5FA}.Debug|Any CPU.ActiveCfg = Debug|Any CPU
		{23BF3820-1B04-48A8-BD10-A302E7C3D5FA}.Debug|Any CPU.Build.0 = Debug|Any CPU
		{23BF3820-1B04-48A8-BD10-A302E7C3D5FA}.Release|Any CPU.ActiveCfg = Release|Any CPU
		{23BF3820-1B04-48A8-BD10-A302E7C3D5FA}.Release|Any CPU.Build.0 = Release|Any CPU
	EndGlobalSection
	GlobalSection(SolutionProperties) = preSolution
		HideSolutionNode = FALSE
	EndGlobalSection
	GlobalSection(ExtensibilityGlobals) = postSolution
		SolutionGuid = {7DB287A4-8CBA-486B-9D03-07A9332572EF}
	EndGlobalSection
EndGlobal
